
Microsoft Visual Studio Solution File, Format Version 12.00
# Visual Studio Version 16
VisualStudioVersion = 16.0.30907.101
MinimumVisualStudioVersion = 10.0.40219.1
Project("{9A19103F-16F7-4668-BE54-9A1E7A4F7556}") = "Sol3.Infrastructure", "..\Sol3.Infrastructure\src\Sol3.Infrastructure.csproj", "{16AD0D1B-67EB-4FC4-888A-5427C117DF06}"
EndProject
Project("{9A19103F-16F7-4668-BE54-9A1E7A4F7556}") = "Sol3.Data.OpenWeatherMap", "..\Sol3.Data.OpenWeatherMap\src\Sol3.Data.OpenWeatherMap.csproj", "{8BCE8ED2-D0E1-42A2-91C8-E9867C904A65}"
EndProject
Project("{FAE04EC0-301F-11D3-BF4B-00C04F79EFBC}") = "Sol3.Data.SQL.Weather", "..\Sol3.Data.SQL.Weather\Sol3.Data.SQL.Weather.csproj", "{36BB3835-D4B8-411D-9AB8-E74D81F146B0}"
EndProject
Project("{FAE04EC0-301F-11D3-BF4B-00C04F79EFBC}") = "Sol3.Core", "..\Sol3.Core\Sol3.Core.csproj", "{2A81234C-1E81-4D88-9A16-407C0CD65F3D}"
EndProject
Project("{FAE04EC0-301F-11D3-BF4B-00C04F79EFBC}") = "Sol3.Weather.WorkerService", "..\Sol3.Weather.WorkerService\Sol3.Weather.WorkerService.csproj", "{ED8432F7-2E28-42F0-AC8A-C508B8AA9EE4}"
EndProject
Global
	GlobalSection(SolutionConfigurationPlatforms) = preSolution
		Debug|Any CPU = Debug|Any CPU
		Release|Any CPU = Release|Any CPU
	EndGlobalSection
	GlobalSection(ProjectConfigurationPlatforms) = postSolution
		{16AD0D1B-67EB-4FC4-888A-5427C117DF06}.Debug|Any CPU.ActiveCfg = Debug|Any CPU
		{16AD0D1B-67EB-4FC4-888A-5427C117DF06}.Debug|Any CPU.Build.0 = Debug|Any CPU
		{16AD0D1B-67EB-4FC4-888A-5427C117DF06}.Release|Any CPU.ActiveCfg = Release|Any CPU
		{16AD0D1B-67EB-4FC4-888A-5427C117DF06}.Release|Any CPU.Build.0 = Release|Any CPU
		{8BCE8ED2-D0E1-42A2-91C8-E9867C904A65}.Debug|Any CPU.ActiveCfg = Debug|Any CPU
		{8BCE8ED2-D0E1-42A2-91C8-E9867C904A65}.Debug|Any CPU.Build.0 = Debug|Any CPU
		{8BCE8ED2-D0E1-42A2-91C8-E9867C904A65}.Release|Any CPU.ActiveCfg = Release|Any CPU
		{8BCE8ED2-D0E1-42A2-91C8-E9867C904A65}.Release|Any CPU.Build.0 = Release|Any CPU
		{36BB3835-D4B8-411D-9AB8-E74D81F146B0}.Debug|Any CPU.ActiveCfg = Debug|Any CPU
		{36BB3835-D4B8-411D-9AB8-E74D81F146B0}.Debug|Any CPU.Build.0 = Debug|Any CPU
		{36BB3835-D4B8-411D-9AB8-E74D81F146B0}.Release|Any CPU.ActiveCfg = Release|Any CPU
		{36BB3835-D4B8-411D-9AB8-E74D81F146B0}.Release|Any CPU.Build.0 = Release|Any CPU
		{2A81234C-1E81-4D88-9A16-407C0CD65F3D}.Debug|Any CPU.ActiveCfg = Debug|Any CPU
		{2A81234C-1E81-4D88-9A16-407C0CD65F3D}.Debug|Any CPU.Build.0 = Debug|Any CPU
		{2A81234C-1E81-4D88-9A16-407C0CD65F3D}.Release|Any CPU.ActiveCfg = Release|Any CPU
		{2A81234C-1E81-4D88-9A16-407C0CD65F3D}.Release|Any CPU.Build.0 = Release|Any CPU
		{ED8432F7-2E28-42F0-AC8A-C508B8AA9EE4}.Debug|Any CPU.ActiveCfg = Debug|Any CPU
		{ED8432F7-2E28-42F0-AC8A-C508B8AA9EE4}.Debug|Any CPU.Build.0 = Debug|Any CPU
		{ED8432F7-2E28-42F0-AC8A-C508B8AA9EE4}.Release|Any CPU.ActiveCfg = Release|Any CPU
		{ED8432F7-2E28-42F0-AC8A-C508B8AA9EE4}.Release|Any CPU.Build.0 = Release|Any CPU
	EndGlobalSection
	GlobalSection(SolutionProperties) = preSolution
		HideSolutionNode = FALSE
	EndGlobalSection
	GlobalSection(ExtensibilityGlobals) = postSolution
		SolutionGuid = {B38B7179-5AC1-4537-A218-0224EA9D8D57}
	EndGlobalSection
EndGlobal
