
Microsoft Visual Studio Solution File, Format Version 12.00
# Visual Studio Version 17
VisualStudioVersion = 17.6.33712.159
MinimumVisualStudioVersion = 10.0.40219.1
Project("{FAE04EC0-301F-11D3-BF4B-00C04F79EFBC}") = "Touch", "Touch.csproj", "{3B5A6C58-19CA-4EE0-BDF4-4B0ED0D3B8CF}"
EndProject
Global
	GlobalSection(SolutionConfigurationPlatforms) = preSolution
		Debug|Any CPU = Debug|Any CPU
		Release|Any CPU = Release|Any CPU
	EndGlobalSection
	GlobalSection(ProjectConfigurationPlatforms) = postSolution
		{3B5A6C58-19CA-4EE0-BDF4-4B0ED0D3B8CF}.Debug|Any CPU.ActiveCfg = Debug|Any CPU
		{3B5A6C58-19CA-4EE0-BDF4-4B0ED0D3B8CF}.Debug|Any CPU.Build.0 = Debug|Any CPU
		{3B5A6C58-19CA-4EE0-BDF4-4B0ED0D3B8CF}.Release|Any CPU.ActiveCfg = Release|Any CPU
		{3B5A6C58-19CA-4EE0-BDF4-4B0ED0D3B8CF}.Release|Any CPU.Build.0 = Release|Any CPU
	EndGlobalSection
	GlobalSection(SolutionProperties) = preSolution
		HideSolutionNode = FALSE
	EndGlobalSection
	GlobalSection(ExtensibilityGlobals) = postSolution
		SolutionGuid = {4D84D5B6-C19E-44EB-AF66-F9906E981046}
	EndGlobalSection
EndGlobal
