
Microsoft Visual Studio Solution File, Format Version 12.00
# Visual Studio Version 16
VisualStudioVersion = 16.0.29905.134
MinimumVisualStudioVersion = 10.0.40219.1
Project("{9A19103F-16F7-4668-BE54-9A1E7A4F7556}") = "Sol3.Eve", "src\Sol3.Eve.csproj", "{2DF464BF-1CA5-4241-9AE8-57DEF4911DEF}"
EndProject
Project("{9A19103F-16F7-4668-BE54-9A1E7A4F7556}") = "Sol3.Infrastructure", "..\Sol3.Infrastructure\src\Sol3.Infrastructure.csproj", "{F5E8F4C5-13AC-4F2E-A952-C5176A9E0E5E}"
EndProject
Global
	GlobalSection(SolutionConfigurationPlatforms) = preSolution
		Debug|Any CPU = Debug|Any CPU
		Release|Any CPU = Release|Any CPU
	EndGlobalSection
	GlobalSection(ProjectConfigurationPlatforms) = postSolution
		{2DF464BF-1CA5-4241-9AE8-57DEF4911DEF}.Debug|Any CPU.ActiveCfg = Debug|Any CPU
		{2DF464BF-1CA5-4241-9AE8-57DEF4911DEF}.Debug|Any CPU.Build.0 = Debug|Any CPU
		{2DF464BF-1CA5-4241-9AE8-57DEF4911DEF}.Release|Any CPU.ActiveCfg = Release|Any CPU
		{2DF464BF-1CA5-4241-9AE8-57DEF4911DEF}.Release|Any CPU.Build.0 = Release|Any CPU
		{F5E8F4C5-13AC-4F2E-A952-C5176A9E0E5E}.Debug|Any CPU.ActiveCfg = Debug|Any CPU
		{F5E8F4C5-13AC-4F2E-A952-C5176A9E0E5E}.Debug|Any CPU.Build.0 = Debug|Any CPU
		{F5E8F4C5-13AC-4F2E-A952-C5176A9E0E5E}.Release|Any CPU.ActiveCfg = Release|Any CPU
		{F5E8F4C5-13AC-4F2E-A952-C5176A9E0E5E}.Release|Any CPU.Build.0 = Release|Any CPU
	EndGlobalSection
	GlobalSection(SolutionProperties) = preSolution
		HideSolutionNode = FALSE
	EndGlobalSection
	GlobalSection(ExtensibilityGlobals) = postSolution
		SolutionGuid = {6EA38181-61C7-41A6-B8C4-63398AA685B7}
	EndGlobalSection
EndGlobal
