
Microsoft Visual Studio Solution File, Format Version 12.00
# Visual Studio Version 16
VisualStudioVersion = 16.0.29905.134
MinimumVisualStudioVersion = 10.0.40219.1
Project("{9A19103F-16F7-4668-BE54-9A1E7A4F7556}") = "Sol3.Eve", "Sol3.Eve\Sol3.Eve.csproj", "{485D20E5-7F1C-43DF-B788-44DEB5AB5C8D}"
EndProject
Global
	GlobalSection(SolutionConfigurationPlatforms) = preSolution
		Debug|Any CPU = Debug|Any CPU
		Release|Any CPU = Release|Any CPU
	EndGlobalSection
	GlobalSection(ProjectConfigurationPlatforms) = postSolution
		{485D20E5-7F1C-43DF-B788-44DEB5AB5C8D}.Debug|Any CPU.ActiveCfg = Debug|Any CPU
		{485D20E5-7F1C-43DF-B788-44DEB5AB5C8D}.Debug|Any CPU.Build.0 = Debug|Any CPU
		{485D20E5-7F1C-43DF-B788-44DEB5AB5C8D}.Release|Any CPU.ActiveCfg = Release|Any CPU
		{485D20E5-7F1C-43DF-B788-44DEB5AB5C8D}.Release|Any CPU.Build.0 = Release|Any CPU
	EndGlobalSection
	GlobalSection(SolutionProperties) = preSolution
		HideSolutionNode = FALSE
	EndGlobalSection
	GlobalSection(ExtensibilityGlobals) = postSolution
		SolutionGuid = {6EA38181-61C7-41A6-B8C4-63398AA685B7}
	EndGlobalSection
EndGlobal
