
Microsoft Visual Studio Solution File, Format Version 12.00
# Visual Studio Version 16
VisualStudioVersion = 16.0.30907.101
MinimumVisualStudioVersion = 10.0.40219.1
Project("{9A19103F-16F7-4668-BE54-9A1E7A4F7556}") = "Sol3.House", "Sol3.House.csproj", "{F5B2E4D1-6799-4111-A9BD-C75F74EF13BB}"
EndProject
Project("{FAE04EC0-301F-11D3-BF4B-00C04F79EFBC}") = "Sol3.ListAlgorithms", "..\Sol3.ListAlgorithms\Sol3.ListAlgorithms.csproj", "{0E0E8220-099A-4546-ADA8-71EE37E35A70}"
EndProject
Project("{FAE04EC0-301F-11D3-BF4B-00C04F79EFBC}") = "Sol3.House.ApiModel", "..\Sol3.House.ApiModel\Sol3.House.ApiModel.csproj", "{202ADDE4-A2FE-44C7-8987-E44313ABE336}"
EndProject
Global
	GlobalSection(SolutionConfigurationPlatforms) = preSolution
		Debug|Any CPU = Debug|Any CPU
		Release|Any CPU = Release|Any CPU
	EndGlobalSection
	GlobalSection(ProjectConfigurationPlatforms) = postSolution
		{F5B2E4D1-6799-4111-A9BD-C75F74EF13BB}.Debug|Any CPU.ActiveCfg = Debug|Any CPU
		{F5B2E4D1-6799-4111-A9BD-C75F74EF13BB}.Debug|Any CPU.Build.0 = Debug|Any CPU
		{F5B2E4D1-6799-4111-A9BD-C75F74EF13BB}.Release|Any CPU.ActiveCfg = Release|Any CPU
		{F5B2E4D1-6799-4111-A9BD-C75F74EF13BB}.Release|Any CPU.Build.0 = Release|Any CPU
		{0E0E8220-099A-4546-ADA8-71EE37E35A70}.Debug|Any CPU.ActiveCfg = Debug|Any CPU
		{0E0E8220-099A-4546-ADA8-71EE37E35A70}.Debug|Any CPU.Build.0 = Debug|Any CPU
		{0E0E8220-099A-4546-ADA8-71EE37E35A70}.Release|Any CPU.ActiveCfg = Release|Any CPU
		{0E0E8220-099A-4546-ADA8-71EE37E35A70}.Release|Any CPU.Build.0 = Release|Any CPU
		{202ADDE4-A2FE-44C7-8987-E44313ABE336}.Debug|Any CPU.ActiveCfg = Debug|Any CPU
		{202ADDE4-A2FE-44C7-8987-E44313ABE336}.Debug|Any CPU.Build.0 = Debug|Any CPU
		{202ADDE4-A2FE-44C7-8987-E44313ABE336}.Release|Any CPU.ActiveCfg = Release|Any CPU
		{202ADDE4-A2FE-44C7-8987-E44313ABE336}.Release|Any CPU.Build.0 = Release|Any CPU
	EndGlobalSection
	GlobalSection(SolutionProperties) = preSolution
		HideSolutionNode = FALSE
	EndGlobalSection
	GlobalSection(ExtensibilityGlobals) = postSolution
		SolutionGuid = {335A3361-9A0D-498C-80C4-BB1C992B218F}
	EndGlobalSection
EndGlobal
