
Microsoft Visual Studio Solution File, Format Version 12.00
# Visual Studio Version 16
VisualStudioVersion = 16.0.28729.10
MinimumVisualStudioVersion = 10.0.40219.1
Project("{9A19103F-16F7-4668-BE54-9A1E7A4F7556}") = "Sol3.MediatorSample.Web", "Sol3.MediatorSample.Web\Sol3.MediatorSample.Web.csproj", "{C4C0EFB8-255D-4615-B6C7-EE3ED57E4632}"
EndProject
Global
	GlobalSection(SolutionConfigurationPlatforms) = preSolution
		Debug|Any CPU = Debug|Any CPU
		Release|Any CPU = Release|Any CPU
	EndGlobalSection
	GlobalSection(ProjectConfigurationPlatforms) = postSolution
		{C4C0EFB8-255D-4615-B6C7-EE3ED57E4632}.Debug|Any CPU.ActiveCfg = Debug|Any CPU
		{C4C0EFB8-255D-4615-B6C7-EE3ED57E4632}.Debug|Any CPU.Build.0 = Debug|Any CPU
		{C4C0EFB8-255D-4615-B6C7-EE3ED57E4632}.Release|Any CPU.ActiveCfg = Release|Any CPU
		{C4C0EFB8-255D-4615-B6C7-EE3ED57E4632}.Release|Any CPU.Build.0 = Release|Any CPU
	EndGlobalSection
	GlobalSection(SolutionProperties) = preSolution
		HideSolutionNode = FALSE
	EndGlobalSection
	GlobalSection(ExtensibilityGlobals) = postSolution
		SolutionGuid = {D057A7BC-82F2-429D-8783-C80AE29F1EDF}
	EndGlobalSection
EndGlobal
