
Microsoft Visual Studio Solution File, Format Version 12.00
# Visual Studio Version 16
VisualStudioVersion = 16.0.29609.76
MinimumVisualStudioVersion = 10.0.40219.1
Project("{FAE04EC0-301F-11D3-BF4B-00C04F79EFBC}") = "SC.NewbLibrary", "SC.NewbLibrary.csproj", "{5FF97EF9-1A19-4752-A823-E53AFCE7E82B}"
EndProject
Global
	GlobalSection(SolutionConfigurationPlatforms) = preSolution
		Debug|Any CPU = Debug|Any CPU
		Release|Any CPU = Release|Any CPU
	EndGlobalSection
	GlobalSection(ProjectConfigurationPlatforms) = postSolution
		{5FF97EF9-1A19-4752-A823-E53AFCE7E82B}.Debug|Any CPU.ActiveCfg = Debug|Any CPU
		{5FF97EF9-1A19-4752-A823-E53AFCE7E82B}.Debug|Any CPU.Build.0 = Debug|Any CPU
		{5FF97EF9-1A19-4752-A823-E53AFCE7E82B}.Release|Any CPU.ActiveCfg = Release|Any CPU
		{5FF97EF9-1A19-4752-A823-E53AFCE7E82B}.Release|Any CPU.Build.0 = Release|Any CPU
	EndGlobalSection
	GlobalSection(SolutionProperties) = preSolution
		HideSolutionNode = FALSE
	EndGlobalSection
	GlobalSection(ExtensibilityGlobals) = postSolution
		SolutionGuid = {9AD1845A-6824-4334-B172-73DA96D5DD8E}
	EndGlobalSection
EndGlobal
